
Microsoft Visual Studio Solution File, Format Version 12.00
# Visual Studio Version 17
VisualStudioVersion = 17.14.36603.0 d17.14
MinimumVisualStudioVersion = 10.0.40219.1
Project("{FAE04EC0-301F-11D3-BF4B-00C04F79EFBC}") = "ReadingList.CLI", "ReadingList.CLI\ReadingList.CLI.csproj", "{29C58E7F-F9AD-4102-9D3A-FE3A09B2CD1C}"
EndProject
Project("{FAE04EC0-301F-11D3-BF4B-00C04F79EFBC}") = "ReadingList.Domain", "ReadingList.Domain\ReadingList.Domain.csproj", "{6629DC4A-9A8F-4828-876B-F9C35DC1A767}"
EndProject
Project("{FAE04EC0-301F-11D3-BF4B-00C04F79EFBC}") = "ReadingList.Application", "ReadingList.Application\ReadingList.Application.csproj", "{3257B2BE-A2AC-41A6-B1DA-F6ED9413A25E}"
EndProject
Project("{FAE04EC0-301F-11D3-BF4B-00C04F79EFBC}") = "ReadingList.Infrastructure", "ReadingList.Infrastructure\ReadingList.Infrastructure.csproj", "{C04B2A20-6E1D-43B9-B718-B89BF7A31939}"
EndProject
Global
	GlobalSection(SolutionConfigurationPlatforms) = preSolution
		Debug|Any CPU = Debug|Any CPU
		Release|Any CPU = Release|Any CPU
	EndGlobalSection
	GlobalSection(ProjectConfigurationPlatforms) = postSolution
		{29C58E7F-F9AD-4102-9D3A-FE3A09B2CD1C}.Debug|Any CPU.ActiveCfg = Debug|Any CPU
		{29C58E7F-F9AD-4102-9D3A-FE3A09B2CD1C}.Debug|Any CPU.Build.0 = Debug|Any CPU
		{29C58E7F-F9AD-4102-9D3A-FE3A09B2CD1C}.Release|Any CPU.ActiveCfg = Release|Any CPU
		{29C58E7F-F9AD-4102-9D3A-FE3A09B2CD1C}.Release|Any CPU.Build.0 = Release|Any CPU
		{6629DC4A-9A8F-4828-876B-F9C35DC1A767}.Debug|Any CPU.ActiveCfg = Debug|Any CPU
		{6629DC4A-9A8F-4828-876B-F9C35DC1A767}.Debug|Any CPU.Build.0 = Debug|Any CPU
		{6629DC4A-9A8F-4828-876B-F9C35DC1A767}.Release|Any CPU.ActiveCfg = Release|Any CPU
		{6629DC4A-9A8F-4828-876B-F9C35DC1A767}.Release|Any CPU.Build.0 = Release|Any CPU
		{3257B2BE-A2AC-41A6-B1DA-F6ED9413A25E}.Debug|Any CPU.ActiveCfg = Debug|Any CPU
		{3257B2BE-A2AC-41A6-B1DA-F6ED9413A25E}.Debug|Any CPU.Build.0 = Debug|Any CPU
		{3257B2BE-A2AC-41A6-B1DA-F6ED9413A25E}.Release|Any CPU.ActiveCfg = Release|Any CPU
		{3257B2BE-A2AC-41A6-B1DA-F6ED9413A25E}.Release|Any CPU.Build.0 = Release|Any CPU
		{C04B2A20-6E1D-43B9-B718-B89BF7A31939}.Debug|Any CPU.ActiveCfg = Debug|Any CPU
		{C04B2A20-6E1D-43B9-B718-B89BF7A31939}.Debug|Any CPU.Build.0 = Debug|Any CPU
		{C04B2A20-6E1D-43B9-B718-B89BF7A31939}.Release|Any CPU.ActiveCfg = Release|Any CPU
		{C04B2A20-6E1D-43B9-B718-B89BF7A31939}.Release|Any CPU.Build.0 = Release|Any CPU
	EndGlobalSection
	GlobalSection(SolutionProperties) = preSolution
		HideSolutionNode = FALSE
	EndGlobalSection
	GlobalSection(ExtensibilityGlobals) = postSolution
		SolutionGuid = {6F2A1D71-C1AD-4343-BA94-B59D6C74E42C}
	EndGlobalSection
EndGlobal
